
Microsoft Visual Studio Solution File, Format Version 11.00
# Visual Studio 2010
Project("{FAE04EC0-301F-11D3-BF4B-00C04F79EFBC}") = "Design", "Eukreukla\Design.csproj", "{49933FB4-6BD3-4C23-9051-D9A082423039}"
EndProject
Project("{FAE04EC0-301F-11D3-BF4B-00C04F79EFBC}") = "Logica", "Logica\Logica.csproj", "{61DD9A8B-BF72-4961-B12A-3B212D1FA0BA}"
EndProject
Project("{FAE04EC0-301F-11D3-BF4B-00C04F79EFBC}") = "Estatistica", "Estatistica\Estatistica.csproj", "{0B70D5AD-C6B1-479B-B61F-49481BF795CE}"
EndProject
Project("{54435603-DBB4-11D2-8724-00A0C9A8B90C}") = "Setup", "Setup\Setup.vdproj", "{EB2EC742-4D03-4A54-BD06-89AF27E71EA0}"
EndProject
Project("{F2A71F9B-5D33-465A-A702-920D77279786}") = "FCore", "FCore\FCore.fsproj", "{92BAFDC1-5AE2-4670-8AD3-0FF84F0EBB42}"
EndProject
Global
	GlobalSection(TeamFoundationVersionControl) = preSolution
		SccNumberOfProjects = 6
		SccEnterpriseProvider = {4CA58AB2-18FA-4F8D-95D4-32DDF27D184C}
		SccTeamFoundationServer = https://tfs09.codeplex.com/
		SccLocalPath0 = .
		SccProjectUniqueName1 = Logica\\Logica.csproj
		SccProjectName1 = Logica
		SccLocalPath1 = Logica
		SccProjectUniqueName2 = Eukreukla\\Design.csproj
		SccProjectName2 = Eukreukla
		SccLocalPath2 = Eukreukla
		SccProjectUniqueName3 = Estatistica\\Estatistica.csproj
		SccProjectName3 = Estatistica
		SccLocalPath3 = Estatistica
		SccProjectUniqueName4 = Setup\\Setup.vdproj
		SccProjectName4 = Setup
		SccLocalPath4 = Setup
		SccProjectUniqueName5 = FCore\\FCore.fsproj
		SccProjectName5 = FCore
		SccLocalPath5 = FCore
	EndGlobalSection
	GlobalSection(SolutionConfigurationPlatforms) = preSolution
		Debug|Any CPU = Debug|Any CPU
		Release|Any CPU = Release|Any CPU
	EndGlobalSection
	GlobalSection(ProjectConfigurationPlatforms) = postSolution
		{49933FB4-6BD3-4C23-9051-D9A082423039}.Debug|Any CPU.ActiveCfg = Debug|Any CPU
		{49933FB4-6BD3-4C23-9051-D9A082423039}.Debug|Any CPU.Build.0 = Debug|Any CPU
		{49933FB4-6BD3-4C23-9051-D9A082423039}.Release|Any CPU.ActiveCfg = Release|Any CPU
		{49933FB4-6BD3-4C23-9051-D9A082423039}.Release|Any CPU.Build.0 = Release|Any CPU
		{61DD9A8B-BF72-4961-B12A-3B212D1FA0BA}.Debug|Any CPU.ActiveCfg = Debug|Any CPU
		{61DD9A8B-BF72-4961-B12A-3B212D1FA0BA}.Debug|Any CPU.Build.0 = Debug|Any CPU
		{61DD9A8B-BF72-4961-B12A-3B212D1FA0BA}.Release|Any CPU.ActiveCfg = Release|Any CPU
		{61DD9A8B-BF72-4961-B12A-3B212D1FA0BA}.Release|Any CPU.Build.0 = Release|Any CPU
		{0B70D5AD-C6B1-479B-B61F-49481BF795CE}.Debug|Any CPU.ActiveCfg = Debug|Any CPU
		{0B70D5AD-C6B1-479B-B61F-49481BF795CE}.Debug|Any CPU.Build.0 = Debug|Any CPU
		{0B70D5AD-C6B1-479B-B61F-49481BF795CE}.Release|Any CPU.ActiveCfg = Release|Any CPU
		{0B70D5AD-C6B1-479B-B61F-49481BF795CE}.Release|Any CPU.Build.0 = Release|Any CPU
		{EB2EC742-4D03-4A54-BD06-89AF27E71EA0}.Debug|Any CPU.ActiveCfg = Debug
		{EB2EC742-4D03-4A54-BD06-89AF27E71EA0}.Release|Any CPU.ActiveCfg = Release
		{92BAFDC1-5AE2-4670-8AD3-0FF84F0EBB42}.Debug|Any CPU.ActiveCfg = Debug|Any CPU
		{92BAFDC1-5AE2-4670-8AD3-0FF84F0EBB42}.Debug|Any CPU.Build.0 = Debug|Any CPU
		{92BAFDC1-5AE2-4670-8AD3-0FF84F0EBB42}.Release|Any CPU.ActiveCfg = Release|Any CPU
		{92BAFDC1-5AE2-4670-8AD3-0FF84F0EBB42}.Release|Any CPU.Build.0 = Release|Any CPU
	EndGlobalSection
	GlobalSection(SolutionProperties) = preSolution
		HideSolutionNode = FALSE
	EndGlobalSection
EndGlobal
